
Microsoft Visual Studio Solution File, Format Version 12.00
Project("{FAE04EC0-301F-11D3-BF4B-00C04F79EFBC}") = "AdventOfCode2022", "AdventOfCode2022.csproj", "{F76E82DE-5876-490D-9C66-75250DA4C1E1}"
EndProject
Global
	GlobalSection(SolutionConfigurationPlatforms) = preSolution
		Debug|Any CPU = Debug|Any CPU
		Release|Any CPU = Release|Any CPU
	EndGlobalSection
	GlobalSection(ProjectConfigurationPlatforms) = postSolution
		{F76E82DE-5876-490D-9C66-75250DA4C1E1}.Debug|Any CPU.ActiveCfg = Debug|Any CPU
		{F76E82DE-5876-490D-9C66-75250DA4C1E1}.Debug|Any CPU.Build.0 = Debug|Any CPU
		{F76E82DE-5876-490D-9C66-75250DA4C1E1}.Release|Any CPU.ActiveCfg = Release|Any CPU
		{F76E82DE-5876-490D-9C66-75250DA4C1E1}.Release|Any CPU.Build.0 = Release|Any CPU
	EndGlobalSection
EndGlobal
